<?xml version="1.0" encoding="utf-8"?>
<Project ToolsVersion="4.0" xmlns="http://schemas.microsoft.com/developer/msbuild/2003">
  <ItemGroup>
    <Filter Include="Source Files">
      <UniqueIdentifier>{4FC737F1-C7A5-4376-A066-2A32D752A2FF}</UniqueIdentifier>
      <Extensions>cpp;c;cc;cxx;c++;cppm;ixx;def;odl;idl;hpj;bat;asm;asmx</Extensions>
    </Filter>
    <Filter Include="Header Files">
      <UniqueIdentifier>{93995380-89BD-4b04-88EB-625FBE52EBFB}</UniqueIdentifier>
      <Extensions>h;hh;hpp;hxx;h++;hm;inl;inc;ipp;xsd</Extensions>
    </Filter>
    <Filter Include="Resource Files">
      <UniqueIdentifier>{67DA6AB6-F800-4c08-8B7A-83BB121AAD01}</UniqueIdentifier>
      <Extensions>rc;ico;cur;bmp;dlg;rc2;rct;bin;rgs;gif;jpg;jpeg;jpe;resx;tiff;tif;png;wav;mfcribbon-ms</Extensions>
    </Filter>
    <Filter Include="Examples_Slides">
      <UniqueIdentifier>{484dd9e5-a707-45e0-b8dc-149cae234191}</UniqueIdentifier>
    </Filter>
    <Filter Include="Recursion_Backtracking">
      <UniqueIdentifier>{b3f60952-53c0-4a95-a0a4-6b12d509db0f}</UniqueIdentifier>
    </Filter>
    <Filter Include="Bitwise Operation">
      <UniqueIdentifier>{f103eb12-f99c-4b9b-a4ec-bd98da8658b9}</UniqueIdentifier>
    </Filter>
    <Filter Include="Number Thoery">
      <UniqueIdentifier>{bf807f40-9c56-404e-bf76-d0dbab86c28e}</UniqueIdentifier>
    </Filter>
    <Filter Include="Dynamic Programming">
      <UniqueIdentifier>{9e75e92e-54a9-4c62-91f4-61ef4ef18545}</UniqueIdentifier>
    </Filter>
    <Filter Include="Graph_DFA_BFa">
      <UniqueIdentifier>{be72715b-e502-4946-9061-60653f2583a3}</UniqueIdentifier>
    </Filter>
  </ItemGroup>
  <ItemGroup>
    <ClCompile Include="Problem_Solving.cpp">
      <Filter>Source Files</Filter>
    </ClCompile>
  </ItemGroup>
  <ItemGroup>
    <Text Include="C:\Users\home\Downloads\Static Range_Query.txt">
      <Filter>Examples_Slides</Filter>
    </Text>
    <Text Include="C:\Users\home\Downloads\Backtracking.txt">
      <Filter>Recursion_Backtracking</Filter>
    </Text>
  </ItemGroup>
  <ItemGroup>
    <Image Include="C:\Users\home\Downloads\Example.png">
      <Filter>Examples_Slides</Filter>
    </Image>
    <Image Include="C:\Users\home\Downloads\ExampleString.png">
      <Filter>Examples_Slides</Filter>
    </Image>
    <Image Include="C:\Users\home\Downloads\02.png">
      <Filter>Recursion_Backtracking</Filter>
    </Image>
  </ItemGroup>
  <ItemGroup>
    <None Include="C:\Users\home\Downloads\Recursion &amp; Backtracking.pdf">
      <Filter>Recursion_Backtracking</Filter>
    </None>
    <None Include="C:\Users\home\Downloads\Week 9_ Bitmasks &amp; iterative complete search.pdf">
      <Filter>Bitwise Operation</Filter>
    </None>
    <None Include="C:\Users\home\Downloads\Intro to Graphs &amp; DFS.pdf">
      <Filter>Graph_DFA_BFa</Filter>
    </None>
    <None Include="C:\Users\home\Downloads\Week 2_ BFS.pdf">
      <Filter>Graph_DFA_BFa</Filter>
    </None>
    <None Include="C:\Users\home\Downloads\Iterative DP.docx.pdf">
      <Filter>Dynamic Programming</Filter>
    </None>
    <None Include="C:\Users\home\Downloads\Recursive DP.pdf">
      <Filter>Dynamic Programming</Filter>
    </None>
  </ItemGroup>
</Project>